
Microsoft Visual Studio Solution File, Format Version 12.00
# Visual Studio Version 17
VisualStudioVersion = 17.1.32228.430
MinimumVisualStudioVersion = 10.0.40219.1
Project("{9A19103F-16F7-4668-BE54-9A1E7A4F7556}") = "LineBuffet", "LineBuffet\LineBuffet.csproj", "{2944F460-E643-4EF5-9BB3-62E6064F3E8A}"
EndProject
Project("{9A19103F-16F7-4668-BE54-9A1E7A4F7556}") = "LineBuffetLib", "LineBuffetLib\LineBuffetLib.csproj", "{9F94E281-51EB-4A56-8D8A-8C972D5EF5C3}"
EndProject
Project("{9A19103F-16F7-4668-BE54-9A1E7A4F7556}") = "LineBuffetCLI", "LineBuffetCLI\LineBuffetCLI.csproj", "{D8689AAE-B4D6-4204-A91F-4565D9EC7D19}"
EndProject
Project("{9A19103F-16F7-4668-BE54-9A1E7A4F7556}") = "LineBuffetCLI.Test", "LineBuffetCLI.Test\LineBuffetCLI.Test.csproj", "{E653CA1F-029A-4216-8A93-0610831E78EC}"
EndProject
Project("{FAE04EC0-301F-11D3-BF4B-00C04F79EFBC}") = "LineBuffetLib.Test", "LineBuffetLib.Test\LineBuffetLib.Test.csproj", "{D9D6B824-A849-4C5B-92F8-FB04AC810D48}"
EndProject
Global
	GlobalSection(SolutionConfigurationPlatforms) = preSolution
		Debug|Any CPU = Debug|Any CPU
		Release|Any CPU = Release|Any CPU
	EndGlobalSection
	GlobalSection(ProjectConfigurationPlatforms) = postSolution
		{2944F460-E643-4EF5-9BB3-62E6064F3E8A}.Debug|Any CPU.ActiveCfg = Debug|Any CPU
		{2944F460-E643-4EF5-9BB3-62E6064F3E8A}.Debug|Any CPU.Build.0 = Debug|Any CPU
		{2944F460-E643-4EF5-9BB3-62E6064F3E8A}.Release|Any CPU.ActiveCfg = Release|Any CPU
		{2944F460-E643-4EF5-9BB3-62E6064F3E8A}.Release|Any CPU.Build.0 = Release|Any CPU
		{9F94E281-51EB-4A56-8D8A-8C972D5EF5C3}.Debug|Any CPU.ActiveCfg = Debug|Any CPU
		{9F94E281-51EB-4A56-8D8A-8C972D5EF5C3}.Debug|Any CPU.Build.0 = Debug|Any CPU
		{9F94E281-51EB-4A56-8D8A-8C972D5EF5C3}.Release|Any CPU.ActiveCfg = Release|Any CPU
		{9F94E281-51EB-4A56-8D8A-8C972D5EF5C3}.Release|Any CPU.Build.0 = Release|Any CPU
		{D8689AAE-B4D6-4204-A91F-4565D9EC7D19}.Debug|Any CPU.ActiveCfg = Debug|Any CPU
		{D8689AAE-B4D6-4204-A91F-4565D9EC7D19}.Debug|Any CPU.Build.0 = Debug|Any CPU
		{D8689AAE-B4D6-4204-A91F-4565D9EC7D19}.Release|Any CPU.ActiveCfg = Release|Any CPU
		{D8689AAE-B4D6-4204-A91F-4565D9EC7D19}.Release|Any CPU.Build.0 = Release|Any CPU
		{E653CA1F-029A-4216-8A93-0610831E78EC}.Debug|Any CPU.ActiveCfg = Debug|Any CPU
		{E653CA1F-029A-4216-8A93-0610831E78EC}.Debug|Any CPU.Build.0 = Debug|Any CPU
		{E653CA1F-029A-4216-8A93-0610831E78EC}.Release|Any CPU.ActiveCfg = Release|Any CPU
		{E653CA1F-029A-4216-8A93-0610831E78EC}.Release|Any CPU.Build.0 = Release|Any CPU
		{D9D6B824-A849-4C5B-92F8-FB04AC810D48}.Debug|Any CPU.ActiveCfg = Debug|Any CPU
		{D9D6B824-A849-4C5B-92F8-FB04AC810D48}.Debug|Any CPU.Build.0 = Debug|Any CPU
		{D9D6B824-A849-4C5B-92F8-FB04AC810D48}.Release|Any CPU.ActiveCfg = Release|Any CPU
		{D9D6B824-A849-4C5B-92F8-FB04AC810D48}.Release|Any CPU.Build.0 = Release|Any CPU
	EndGlobalSection
	GlobalSection(SolutionProperties) = preSolution
		HideSolutionNode = FALSE
	EndGlobalSection
	GlobalSection(ExtensibilityGlobals) = postSolution
		SolutionGuid = {651C6FB4-3BBB-44D8-ADAA-087F42570BD3}
	EndGlobalSection
EndGlobal
